
Microsoft Visual Studio Solution File, Format Version 12.00
# Visual Studio Version 17
VisualStudioVersion = 17.0.32112.339
MinimumVisualStudioVersion = 10.0.40219.1
Project("{FAE04EC0-301F-11D3-BF4B-00C04F79EFBC}") = "ElevatorSimulator.Console", "ElevatorSimulator.Console\ElevatorSimulator.Console.csproj", "{89513CE6-828E-4E5E-BD7E-E4FA7881019A}"
EndProject
Project("{FAE04EC0-301F-11D3-BF4B-00C04F79EFBC}") = "ElevatorSimulator.Core", "ElevatorSimulator.Core\ElevatorSimulator.Core.csproj", "{ED9198E8-5F8F-4C61-8906-F2D15F21F1BA}"
EndProject
Global
	GlobalSection(SolutionConfigurationPlatforms) = preSolution
		Debug|Any CPU = Debug|Any CPU
		Release|Any CPU = Release|Any CPU
	EndGlobalSection
	GlobalSection(ProjectConfigurationPlatforms) = postSolution
		{89513CE6-828E-4E5E-BD7E-E4FA7881019A}.Debug|Any CPU.ActiveCfg = Debug|Any CPU
		{89513CE6-828E-4E5E-BD7E-E4FA7881019A}.Debug|Any CPU.Build.0 = Debug|Any CPU
		{89513CE6-828E-4E5E-BD7E-E4FA7881019A}.Release|Any CPU.ActiveCfg = Release|Any CPU
		{89513CE6-828E-4E5E-BD7E-E4FA7881019A}.Release|Any CPU.Build.0 = Release|Any CPU
		{ED9198E8-5F8F-4C61-8906-F2D15F21F1BA}.Debug|Any CPU.ActiveCfg = Debug|Any CPU
		{ED9198E8-5F8F-4C61-8906-F2D15F21F1BA}.Debug|Any CPU.Build.0 = Debug|Any CPU
		{ED9198E8-5F8F-4C61-8906-F2D15F21F1BA}.Release|Any CPU.ActiveCfg = Release|Any CPU
		{ED9198E8-5F8F-4C61-8906-F2D15F21F1BA}.Release|Any CPU.Build.0 = Release|Any CPU
	EndGlobalSection
	GlobalSection(SolutionProperties) = preSolution
		HideSolutionNode = FALSE
	EndGlobalSection
	GlobalSection(ExtensibilityGlobals) = postSolution
		SolutionGuid = {2E34A32B-1D33-4473-97BC-9AEB33D19D93}
	EndGlobalSection
EndGlobal
